
Microsoft Visual Studio Solution File, Format Version 12.00
# Visual Studio Version 17
VisualStudioVersion = 17.8.34525.116
MinimumVisualStudioVersion = 10.0.40219.1
Project("{FAE04EC0-301F-11D3-BF4B-00C04F79EFBC}") = "BankAccount", "BankAccount\BankAccount.csproj", "{24F32C3A-A10E-4400-B3E2-7761BEE1B566}"
EndProject
Global
	GlobalSection(SolutionConfigurationPlatforms) = preSolution
		Debug|Any CPU = Debug|Any CPU
		Release|Any CPU = Release|Any CPU
	EndGlobalSection
	GlobalSection(ProjectConfigurationPlatforms) = postSolution
		{24F32C3A-A10E-4400-B3E2-7761BEE1B566}.Debug|Any CPU.ActiveCfg = Debug|Any CPU
		{24F32C3A-A10E-4400-B3E2-7761BEE1B566}.Debug|Any CPU.Build.0 = Debug|Any CPU
		{24F32C3A-A10E-4400-B3E2-7761BEE1B566}.Release|Any CPU.ActiveCfg = Release|Any CPU
		{24F32C3A-A10E-4400-B3E2-7761BEE1B566}.Release|Any CPU.Build.0 = Release|Any CPU
	EndGlobalSection
	GlobalSection(SolutionProperties) = preSolution
		HideSolutionNode = FALSE
	EndGlobalSection
	GlobalSection(ExtensibilityGlobals) = postSolution
		SolutionGuid = {C17C45BF-D209-4065-B1D8-B95D4E76CCD4}
	EndGlobalSection
EndGlobal
